// !$*UTF8*$!
{
	archiveVersion = 1;
	classes = {
	};
	objectVersion = 46;
	objects = {

/* Begin PBXBuildFile section */
		8E7C01D91D6F077E00B25014 /* main.m in Sources */ = {isa = PBXBuildFile; fileRef = 8E7C01D81D6F077E00B25014 /* main.m */; };
		8E7C01DC1D6F077E00B25014 /* AppDelegate.m in Sources */ = {isa = PBXBuildFile; fileRef = 8E7C01DB1D6F077E00B25014 /* AppDelegate.m */; };
		8E7C01DF1D6F077E00B25014 /* ViewController.m in Sources */ = {isa = PBXBuildFile; fileRef = 8E7C01DE1D6F077E00B25014 /* ViewController.m */; };
		8E7C01E21D6F077E00B25014 /* Main.storyboard in Resources */ = {isa = PBXBuildFile; fileRef = 8E7C01E01D6F077E00B25014 /* Main.storyboard */; };
		8E7C01E41D6F077E00B25014 /* Assets.xcassets in Resources */ = {isa = PBXBuildFile; fileRef = 8E7C01E31D6F077E00B25014 /* Assets.xcassets */; };
		8E7C01E71D6F077E00B25014 /* LaunchScreen.storyboard in Resources */ = {isa = PBXBuildFile; fileRef = 8E7C01E51D6F077E00B25014 /* LaunchScreen.storyboard */; };
		8E7C01F21D6F077E00B25014 /* jsPatchTests.m in Sources */ = {isa = PBXBuildFile; fileRef = 8E7C01F11D6F077E00B25014 /* jsPatchTests.m */; };
		8E7C01FD1D6F077E00B25014 /* jsPatchUITests.m in Sources */ = {isa = PBXBuildFile; fileRef = 8E7C01FC1D6F077E00B25014 /* jsPatchUITests.m */; };
		8E7C020B1D6F087300B25014 /* JSPatch.framework in Frameworks */ = {isa = PBXBuildFile; fileRef = 8E7C020A1D6F087300B25014 /* JSPatch.framework */; };
		8E7C020D1D6F088600B25014 /* libz.tbd in Frameworks */ = {isa = PBXBuildFile; fileRef = 8E7C020C1D6F088600B25014 /* libz.tbd */; };
		8E7C020F1D6F089100B25014 /* JavaScriptCore.framework in Frameworks */ = {isa = PBXBuildFile; fileRef = 8E7C020E1D6F089100B25014 /* JavaScriptCore.framework */; };
		8EE5ED171D6FE0C400B8DC29 /* main.js in Resources */ = {isa = PBXBuildFile; fileRef = 8EE5ED161D6FE0C400B8DC29 /* main.js */; };
/* End PBXBuildFile section */

/* Begin PBXContainerItemProxy section */
		8E7C01EE1D6F077E00B25014 /* PBXContainerItemProxy */ = {
			isa = PBXContainerItemProxy;
			containerPortal = 8E7C01CC1D6F077E00B25014 /* Project object */;
			proxyType = 1;
			remoteGlobalIDString = 8E7C01D31D6F077E00B25014;
			remoteInfo = jsPatch;
		};
		8E7C01F91D6F077E00B25014 /* PBXContainerItemProxy */ = {
			isa = PBXContainerItemProxy;
			containerPortal = 8E7C01CC1D6F077E00B25014 /* Project object */;
			proxyType = 1;
			remoteGlobalIDString = 8E7C01D31D6F077E00B25014;
			remoteInfo = jsPatch;
		};
/* End PBXContainerItemProxy section */

/* Begin PBXFileReference section */
		8E7C01D41D6F077E00B25014 /* jsPatch.app */ = {isa = PBXFileReference; explicitFileType = wrapper.application; includeInIndex = 0; path = jsPatch.app; sourceTree = BUILT_PRODUCTS_DIR; };
		8E7C01D81D6F077E00B25014 /* main.m */ = {isa = PBXFileReference; lastKnownFileType = sourcecode.c.objc; path = main.m; sourceTree = "<group>"; };
		8E7C01DA1D6F077E00B25014 /* AppDelegate.h */ = {isa = PBXFileReference; lastKnownFileType = sourcecode.c.h; path = AppDelegate.h; sourceTree = "<group>"; };
		8E7C01DB1D6F077E00B25014 /* AppDelegate.m */ = {isa = PBXFileReference; lastKnownFileType = sourcecode.c.objc; path = AppDelegate.m; sourceTree = "<group>"; };
		8E7C01DD1D6F077E00B25014 /* ViewController.h */ = {isa = PBXFileReference; lastKnownFileType = sourcecode.c.h; path = ViewController.h; sourceTree = "<group>"; };
		8E7C01DE1D6F077E00B25014 /* ViewController.m */ = {isa = PBXFileReference; lastKnownFileType = sourcecode.c.objc; path = ViewController.m; sourceTree = "<group>"; };
		8E7C01E11D6F077E00B25014 /* Base */ = {isa = PBXFileReference; lastKnownFileType = file.storyboard; name = Base; path = Base.lproj/Main.storyboard; sourceTree = "<group>"; };
		8E7C01E31D6F077E00B25014 /* Assets.xcassets */ = {isa = PBXFileReference; lastKnownFileType = folder.assetcatalog; path = Assets.xcassets; sourceTree = "<group>"; };
		8E7C01E61D6F077E00B25014 /* Base */ = {isa = PBXFileReference; lastKnownFileType = file.storyboard; name = Base; path = Base.lproj/LaunchScreen.storyboard; sourceTree = "<group>"; };
		8E7C01E81D6F077E00B25014 /* Info.plist */ = {isa = PBXFileReference; lastKnownFileType = text.plist.xml; path = Info.plist; sourceTree = "<group>"; };
		8E7C01ED1D6F077E00B25014 /* jsPatchTests.xctest */ = {isa = PBXFileReference; explicitFileType = wrapper.cfbundle; includeInIndex = 0; path = jsPatchTests.xctest; sourceTree = BUILT_PRODUCTS_DIR; };
		8E7C01F11D6F077E00B25014 /* jsPatchTests.m */ = {isa = PBXFileReference; lastKnownFileType = sourcecode.c.objc; path = jsPatchTests.m; sourceTree = "<group>"; };
		8E7C01F31D6F077E00B25014 /* Info.plist */ = {isa = PBXFileReference; lastKnownFileType = text.plist.xml; path = Info.plist; sourceTree = "<group>"; };
		8E7C01F81D6F077E00B25014 /* jsPatchUITests.xctest */ = {isa = PBXFileReference; explicitFileType = wrapper.cfbundle; includeInIndex = 0; path = jsPatchUITests.xctest; sourceTree = BUILT_PRODUCTS_DIR; };
		8E7C01FC1D6F077E00B25014 /* jsPatchUITests.m */ = {isa = PBXFileReference; lastKnownFileType = sourcecode.c.objc; path = jsPatchUITests.m; sourceTree = "<group>"; };
		8E7C01FE1D6F077E00B25014 /* Info.plist */ = {isa = PBXFileReference; lastKnownFileType = text.plist.xml; path = Info.plist; sourceTree = "<group>"; };
		8E7C020A1D6F087300B25014 /* JSPatch.framework */ = {isa = PBXFileReference; lastKnownFileType = wrapper.framework; path = JSPatch.framework; sourceTree = "<group>"; };
		8E7C020C1D6F088600B25014 /* libz.tbd */ = {isa = PBXFileReference; lastKnownFileType = "sourcecode.text-based-dylib-definition"; name = libz.tbd; path = usr/lib/libz.tbd; sourceTree = SDKROOT; };
		8E7C020E1D6F089100B25014 /* JavaScriptCore.framework */ = {isa = PBXFileReference; lastKnownFileType = wrapper.framework; name = JavaScriptCore.framework; path = System/Library/Frameworks/JavaScriptCore.framework; sourceTree = SDKROOT; };
		8EE5ED161D6FE0C400B8DC29 /* main.js */ = {isa = PBXFileReference; fileEncoding = 4; lastKnownFileType = sourcecode.javascript; path = main.js; sourceTree = "<group>"; };
/* End PBXFileReference section */

/* Begin PBXFrameworksBuildPhase section */
		8E7C01D11D6F077E00B25014 /* Frameworks */ = {
			isa = PBXFrameworksBuildPhase;
			buildActionMask = 2147483647;
			files = (
				8E7C020F1D6F089100B25014 /* JavaScriptCore.framework in Frameworks */,
				8E7C020D1D6F088600B25014 /* libz.tbd in Frameworks */,
				8E7C020B1D6F087300B25014 /* JSPatch.framework in Frameworks */,
			);
			runOnlyForDeploymentPostprocessing = 0;
		};
		8E7C01EA1D6F077E00B25014 /* Frameworks */ = {
			isa = PBXFrameworksBuildPhase;
			buildActionMask = 2147483647;
			files = (
			);
			runOnlyForDeploymentPostprocessing = 0;
		};
		8E7C01F51D6F077E00B25014 /* Frameworks */ = {
			isa = PBXFrameworksBuildPhase;
			buildActionMask = 2147483647;
			files = (
			);
			runOnlyForDeploymentPostprocessing = 0;
		};
/* End PBXFrameworksBuildPhase section */

/* Begin PBXGroup section */
		8E7C01CB1D6F077E00B25014 = {
			isa = PBXGroup;
			children = (
				8E7C020E1D6F089100B25014 /* JavaScriptCore.framework */,
				8E7C020C1D6F088600B25014 /* libz.tbd */,
				8E7C01D61D6F077E00B25014 /* jsPatch */,
				8E7C01F01D6F077E00B25014 /* jsPatchTests */,
				8E7C01FB1D6F077E00B25014 /* jsPatchUITests */,
				8E7C01D51D6F077E00B25014 /* Products */,
			);
			sourceTree = "<group>";
		};
		8E7C01D51D6F077E00B25014 /* Products */ = {
			isa = PBXGroup;
			children = (
				8E7C01D41D6F077E00B25014 /* jsPatch.app */,
				8E7C01ED1D6F077E00B25014 /* jsPatchTests.xctest */,
				8E7C01F81D6F077E00B25014 /* jsPatchUITests.xctest */,
			);
			name = Products;
			sourceTree = "<group>";
		};
		8E7C01D61D6F077E00B25014 /* jsPatch */ = {
			isa = PBXGroup;
			children = (
				8E7C020A1D6F087300B25014 /* JSPatch.framework */,
				8E7C01DA1D6F077E00B25014 /* AppDelegate.h */,
				8E7C01DB1D6F077E00B25014 /* AppDelegate.m */,
				8E7C01DD1D6F077E00B25014 /* ViewController.h */,
				8E7C01DE1D6F077E00B25014 /* ViewController.m */,
				8EE5ED161D6FE0C400B8DC29 /* main.js */,
				8E7C01E01D6F077E00B25014 /* Main.storyboard */,
				8E7C01E31D6F077E00B25014 /* Assets.xcassets */,
				8E7C01E51D6F077E00B25014 /* LaunchScreen.storyboard */,
				8E7C01E81D6F077E00B25014 /* Info.plist */,
				8E7C01D71D6F077E00B25014 /* Supporting Files */,
			);
			path = jsPatch;
			sourceTree = "<group>";
		};
		8E7C01D71D6F077E00B25014 /* Supporting Files */ = {
			isa = PBXGroup;
			children = (
				8E7C01D81D6F077E00B25014 /* main.m */,
			);
			name = "Supporting Files";
			sourceTree = "<group>";
		};
		8E7C01F01D6F077E00B25014 /* jsPatchTests */ = {
			isa = PBXGroup;
			children = (
				8E7C01F11D6F077E00B25014 /* jsPatchTests.m */,
				8E7C01F31D6F077E00B25014 /* Info.plist */,
			);
			path = jsPatchTests;
			sourceTree = "<group>";
		};
		8E7C01FB1D6F077E00B25014 /* jsPatchUITests */ = {
			isa = PBXGroup;
			children = (
				8E7C01FC1D6F077E00B25014 /* jsPatchUITests.m */,
				8E7C01FE1D6F077E00B25014 /* Info.plist */,
			);
			path = jsPatchUITests;
			sourceTree = "<group>";
		};
/* End PBXGroup section */

/* Begin PBXNativeTarget section */
		8E7C01D31D6F077E00B25014 /* jsPatch */ = {
			isa = PBXNativeTarget;
			buildConfigurationList = 8E7C02011D6F077E00B25014 /* Build configuration list for PBXNativeTarget "jsPatch" */;
			buildPhases = (
				8E7C01D01D6F077E00B25014 /* Sources */,
				8E7C01D11D6F077E00B25014 /* Frameworks */,
				8E7C01D21D6F077E00B25014 /* Resources */,
			);
			buildRules = (
			);
			dependencies = (
			);
			name = jsPatch;
			productName = jsPatch;
			productReference = 8E7C01D41D6F077E00B25014 /* jsPatch.app */;
			productType = "com.apple.product-type.application";
		};
		8E7C01EC1D6F077E00B25014 /* jsPatchTests */ = {
			isa = PBXNativeTarget;
			buildConfigurationList = 8E7C02041D6F077E00B25014 /* Build configuration list for PBXNativeTarget "jsPatchTests" */;
			buildPhases = (
				8E7C01E91D6F077E00B25014 /* Sources */,
				8E7C01EA1D6F077E00B25014 /* Frameworks */,
				8E7C01EB1D6F077E00B25014 /* Resources */,
			);
			buildRules = (
			);
			dependencies = (
				8E7C01EF1D6F077E00B25014 /* PBXTargetDependency */,
			);
			name = jsPatchTests;
			productName = jsPatchTests;
			productReference = 8E7C01ED1D6F077E00B25014 /* jsPatchTests.xctest */;
			productType = "com.apple.product-type.bundle.unit-test";
		};
		8E7C01F71D6F077E00B25014 /* jsPatchUITests */ = {
			isa = PBXNativeTarget;
			buildConfigurationList = 8E7C02071D6F077E00B25014 /* Build configuration list for PBXNativeTarget "jsPatchUITests" */;
			buildPhases = (
				8E7C01F41D6F077E00B25014 /* Sources */,
				8E7C01F51D6F077E00B25014 /* Frameworks */,
				8E7C01F61D6F077E00B25014 /* Resources */,
			);
			buildRules = (
			);
			dependencies = (
				8E7C01FA1D6F077E00B25014 /* PBXTargetDependency */,
			);
			name = jsPatchUITests;
			productName = jsPatchUITests;
			productReference = 8E7C01F81D6F077E00B25014 /* jsPatchUITests.xctest */;
			productType = "com.apple.product-type.bundle.ui-testing";
		};
/* End PBXNativeTarget section */

/* Begin PBXProject section */
		8E7C01CC1D6F077E00B25014 /* Project object */ = {
			isa = PBXProject;
			attributes = {
				LastUpgradeCheck = 0730;
				ORGANIZATIONNAME = com.zeustel.zssdk;
				TargetAttributes = {
					8E7C01D31D6F077E00B25014 = {
						CreatedOnToolsVersion = 7.3.1;
						DevelopmentTeam = 7K5U4P98VN;
					};
					8E7C01EC1D6F077E00B25014 = {
						CreatedOnToolsVersion = 7.3.1;
						DevelopmentTeam = 7K5U4P98VN;
						TestTargetID = 8E7C01D31D6F077E00B25014;
					};
					8E7C01F71D6F077E00B25014 = {
						CreatedOnToolsVersion = 7.3.1;
						DevelopmentTeam = 7K5U4P98VN;
						TestTargetID = 8E7C01D31D6F077E00B25014;
					};
				};
			};
			buildConfigurationList = 8E7C01CF1D6F077E00B25014 /* Build configuration list for PBXProject "jsPatch" */;
			compatibilityVersion = "Xcode 3.2";
			developmentRegion = English;
			hasScannedForEncodings = 0;
			knownRegions = (
				en,
				Base,
			);
			mainGroup = 8E7C01CB1D6F077E00B25014;
			productRefGroup = 8E7C01D51D6F077E00B25014 /* Products */;
			projectDirPath = "";
			projectRoot = "";
			targets = (
				8E7C01D31D6F077E00B25014 /* jsPatch */,
				8E7C01EC1D6F077E00B25014 /* jsPatchTests */,
				8E7C01F71D6F077E00B25014 /* jsPatchUITests */,
			);
		};
/* End PBXProject section */

/* Begin PBXResourcesBuildPhase section */
		8E7C01D21D6F077E00B25014 /* Resources */ = {
			isa = PBXResourcesBuildPhase;
			buildActionMask = 2147483647;
			files = (
				8E7C01E71D6F077E00B25014 /* LaunchScreen.storyboard in Resources */,
				8E7C01E41D6F077E00B25014 /* Assets.xcassets in Resources */,
				8E7C01E21D6F077E00B25014 /* Main.storyboard in Resources */,
				8EE5ED171D6FE0C400B8DC29 /* main.js in Resources */,
			);
			runOnlyForDeploymentPostprocessing = 0;
		};
		8E7C01EB1D6F077E00B25014 /* Resources */ = {
			isa = PBXResourcesBuildPhase;
			buildActionMask = 2147483647;
			files = (
			);
			runOnlyForDeploymentPostprocessing = 0;
		};
		8E7C01F61D6F077E00B25014 /* Resources */ = {
			isa = PBXResourcesBuildPhase;
			buildActionMask = 2147483647;
			files = (
			);
			runOnlyForDeploymentPostprocessing = 0;
		};
/* End PBXResourcesBuildPhase section */

/* Begin PBXSourcesBuildPhase section */
		8E7C01D01D6F077E00B25014 /* Sources */ = {
			isa = PBXSourcesBuildPhase;
			buildActionMask = 2147483647;
			files = (
				8E7C01DF1D6F077E00B25014 /* ViewController.m in Sources */,
				8E7C01DC1D6F077E00B25014 /* AppDelegate.m in Sources */,
				8E7C01D91D6F077E00B25014 /* main.m in Sources */,
			);
			runOnlyForDeploymentPostprocessing = 0;
		};
		8E7C01E91D6F077E00B25014 /* Sources */ = {
			isa = PBXSourcesBuildPhase;
			buildActionMask = 2147483647;
			files = (
				8E7C01F21D6F077E00B25014 /* jsPatchTests.m in Sources */,
			);
			runOnlyForDeploymentPostprocessing = 0;
		};
		8E7C01F41D6F077E00B25014 /* Sources */ = {
			isa = PBXSourcesBuildPhase;
			buildActionMask = 2147483647;
			files = (
				8E7C01FD1D6F077E00B25014 /* jsPatchUITests.m in Sources */,
			);
			runOnlyForDeploymentPostprocessing = 0;
		};
/* End PBXSourcesBuildPhase section */

/* Begin PBXTargetDependency section */
		8E7C01EF1D6F077E00B25014 /* PBXTargetDependency */ = {
			isa = PBXTargetDependency;
			target = 8E7C01D31D6F077E00B25014 /* jsPatch */;
			targetProxy = 8E7C01EE1D6F077E00B25014 /* PBXContainerItemProxy */;
		};
		8E7C01FA1D6F077E00B25014 /* PBXTargetDependency */ = {
			isa = PBXTargetDependency;
			target = 8E7C01D31D6F077E00B25014 /* jsPatch */;
			targetProxy = 8E7C01F91D6F077E00B25014 /* PBXContainerItemProxy */;
		};
/* End PBXTargetDependency section */

/* Begin PBXVariantGroup section */
		8E7C01E01D6F077E00B25014 /* Main.storyboard */ = {
			isa = PBXVariantGroup;
			children = (
				8E7C01E11D6F077E00B25014 /* Base */,
			);
			name = Main.storyboard;
			sourceTree = "<group>";
		};
		8E7C01E51D6F077E00B25014 /* LaunchScreen.storyboard */ = {
			isa = PBXVariantGroup;
			children = (
				8E7C01E61D6F077E00B25014 /* Base */,
			);
			name = LaunchScreen.storyboard;
			sourceTree = "<group>";
		};
/* End PBXVariantGroup section */

/* Begin XCBuildConfiguration section */
		8E7C01FF1D6F077E00B25014 /* Debug */ = {
			isa = XCBuildConfiguration;
			buildSettings = {
				ALWAYS_SEARCH_USER_PATHS = NO;
				CLANG_ANALYZER_NONNULL = YES;
				CLANG_CXX_LANGUAGE_STANDARD = "gnu++0x";
				CLANG_CXX_LIBRARY = "libc++";
				CLANG_ENABLE_MODULES = YES;
				CLANG_ENABLE_OBJC_ARC = YES;
				CLANG_WARN_BOOL_CONVERSION = YES;
				CLANG_WARN_CONSTANT_CONVERSION = YES;
				CLANG_WARN_DIRECT_OBJC_ISA_USAGE = YES_ERROR;
				CLANG_WARN_EMPTY_BODY = YES;
				CLANG_WARN_ENUM_CONVERSION = YES;
				CLANG_WARN_INT_CONVERSION = YES;
				CLANG_WARN_OBJC_ROOT_CLASS = YES_ERROR;
				CLANG_WARN_UNREACHABLE_CODE = YES;
				CLANG_WARN__DUPLICATE_METHOD_MATCH = YES;
				"CODE_SIGN_IDENTITY[sdk=iphoneos*]" = "iPhone Developer";
				COPY_PHASE_STRIP = NO;
				DEBUG_INFORMATION_FORMAT = dwarf;
				ENABLE_STRICT_OBJC_MSGSEND = YES;
				ENABLE_TESTABILITY = YES;
				GCC_C_LANGUAGE_STANDARD = gnu99;
				GCC_DYNAMIC_NO_PIC = NO;
				GCC_NO_COMMON_BLOCKS = YES;
				GCC_OPTIMIZATION_LEVEL = 0;
				GCC_PREPROCESSOR_DEFINITIONS = (
					"DEBUG=1",
					"$(inherited)",
				);
				GCC_WARN_64_TO_32_BIT_CONVERSION = YES;
				GCC_WARN_ABOUT_RETURN_TYPE = YES_ERROR;
				GCC_WARN_UNDECLARED_SELECTOR = YES;
				GCC_WARN_UNINITIALIZED_AUTOS = YES_AGGRESSIVE;
				GCC_WARN_UNUSED_FUNCTION = YES;
				GCC_WARN_UNUSED_VARIABLE = YES;
				IPHONEOS_DEPLOYMENT_TARGET = 9.3;
				MTL_ENABLE_DEBUG_INFO = YES;
				ONLY_ACTIVE_ARCH = YES;
				SDKROOT = iphoneos;
			};
			name = Debug;
		};
		8E7C02001D6F077E00B25014 /* Release */ = {
			isa = XCBuildConfiguration;
			buildSettings = {
				ALWAYS_SEARCH_USER_PATHS = NO;
				CLANG_ANALYZER_NONNULL = YES;
				CLANG_CXX_LANGUAGE_STANDARD = "gnu++0x";
				CLANG_CXX_LIBRARY = "libc++";
				CLANG_ENABLE_MODULES = YES;
				CLANG_ENABLE_OBJC_ARC = YES;
				CLANG_WARN_BOOL_CONVERSION = YES;
				CLANG_WARN_CONSTANT_CONVERSION = YES;
				CLANG_WARN_DIRECT_OBJC_ISA_USAGE = YES_ERROR;
				CLANG_WARN_EMPTY_BODY = YES;
				CLANG_WARN_ENUM_CONVERSION = YES;
				CLANG_WARN_INT_CONVERSION = YES;
				CLANG_WARN_OBJC_ROOT_CLASS = YES_ERROR;
				CLANG_WARN_UNREACHABLE_CODE = YES;
				CLANG_WARN__DUPLICATE_METHOD_MATCH = YES;
				"CODE_SIGN_IDENTITY[sdk=iphoneos*]" = "iPhone Developer";
				COPY_PHASE_STRIP = NO;
				DEBUG_INFORMATION_FORMAT = "dwarf-with-dsym";
				ENABLE_NS_ASSERTIONS = NO;
				ENABLE_STRICT_OBJC_MSGSEND = YES;
				GCC_C_LANGUAGE_STANDARD = gnu99;
				GCC_NO_COMMON_BLOCKS = YES;
				GCC_WARN_64_TO_32_BIT_CONVERSION = YES;
				GCC_WARN_ABOUT_RETURN_TYPE = YES_ERROR;
				GCC_WARN_UNDECLARED_SELECTOR = YES;
				GCC_WARN_UNINITIALIZED_AUTOS = YES_AGGRESSIVE;
				GCC_WARN_UNUSED_FUNCTION = YES;
				GCC_WARN_UNUSED_VARIABLE = YES;
				IPHONEOS_DEPLOYMENT_TARGET = 9.3;
				MTL_ENABLE_DEBUG_INFO = NO;
				SDKROOT = iphoneos;
				VALIDATE_PRODUCT = YES;
			};
			name = Release;
		};
		8E7C02021D6F077E00B25014 /* Debug */ = {
			isa = XCBuildConfiguration;
			buildSettings = {
				ASSETCATALOG_COMPILER_APPICON_NAME = AppIcon;
				FRAMEWORK_SEARCH_PATHS = (
					"$(inherited)",
					"$(PROJECT_DIR)/jsPatch",
				);
				INFOPLIST_FILE = jsPatch/Info.plist;
				LD_RUNPATH_SEARCH_PATHS = "$(inherited) @executable_path/Frameworks";
				PRODUCT_BUNDLE_IDENTIFIER = WHD.jsPatch;
				PRODUCT_NAME = "$(TARGET_NAME)";
			};
			name = Debug;
		};
		8E7C02031D6F077E00B25014 /* Release */ = {
			isa = XCBuildConfiguration;
			buildSettings = {
				ASSETCATALOG_COMPILER_APPICON_NAME = AppIcon;
				FRAMEWORK_SEARCH_PATHS = (
					"$(inherited)",
					"$(PROJECT_DIR)/jsPatch",
				);
				INFOPLIST_FILE = jsPatch/Info.plist;
				LD_RUNPATH_SEARCH_PATHS = "$(inherited) @executable_path/Frameworks";
				PRODUCT_BUNDLE_IDENTIFIER = WHD.jsPatch;
				PRODUCT_NAME = "$(TARGET_NAME)";
			};
			name = Release;
		};
		8E7C02051D6F077E00B25014 /* Debug */ = {
			isa = XCBuildConfiguration;
			buildSettings = {
				BUNDLE_LOADER = "$(TEST_HOST)";
				INFOPLIST_FILE = jsPatchTests/Info.plist;
				LD_RUNPATH_SEARCH_PATHS = "$(inherited) @executable_path/Frameworks @loader_path/Frameworks";
				PRODUCT_BUNDLE_IDENTIFIER = WHD.jsPatchTests;
				PRODUCT_NAME = "$(TARGET_NAME)";
				TEST_HOST = "$(BUILT_PRODUCTS_DIR)/jsPatch.app/jsPatch";
			};
			name = Debug;
		};
		8E7C02061D6F077E00B25014 /* Release */ = {
			isa = XCBuildConfiguration;
			buildSettings = {
				BUNDLE_LOADER = "$(TEST_HOST)";
				INFOPLIST_FILE = jsPatchTests/Info.plist;
				LD_RUNPATH_SEARCH_PATHS = "$(inherited) @executable_path/Frameworks @loader_path/Frameworks";
				PRODUCT_BUNDLE_IDENTIFIER = WHD.jsPatchTests;
				PRODUCT_NAME = "$(TARGET_NAME)";
				TEST_HOST = "$(BUILT_PRODUCTS_DIR)/jsPatch.app/jsPatch";
			};
			name = Release;
		};
		8E7C02081D6F077E00B25014 /* Debug */ = {
			isa = XCBuildConfiguration;
			buildSettings = {
				INFOPLIST_FILE = jsPatchUITests/Info.plist;
				LD_RUNPATH_SEARCH_PATHS = "$(inherited) @executable_path/Frameworks @loader_path/Frameworks";
				PRODUCT_BUNDLE_IDENTIFIER = WHD.jsPatchUITests;
				PRODUCT_NAME = "$(TARGET_NAME)";
				TEST_TARGET_NAME = jsPatch;
			};
			name = Debug;
		};
		8E7C02091D6F077E00B25014 /* Release */ = {
			isa = XCBuildConfiguration;
			buildSettings = {
				INFOPLIST_FILE = jsPatchUITests/Info.plist;
				LD_RUNPATH_SEARCH_PATHS = "$(inherited) @executable_path/Frameworks @loader_path/Frameworks";
				PRODUCT_BUNDLE_IDENTIFIER = WHD.jsPatchUITests;
				PRODUCT_NAME = "$(TARGET_NAME)";
				TEST_TARGET_NAME = jsPatch;
			};
			name = Release;
		};
/* End XCBuildConfiguration section */

/* Begin XCConfigurationList section */
		8E7C01CF1D6F077E00B25014 /* Build configuration list for PBXProject "jsPatch" */ = {
			isa = XCConfigurationList;
			buildConfigurations = (
				8E7C01FF1D6F077E00B25014 /* Debug */,
				8E7C02001D6F077E00B25014 /* Release */,
			);
			defaultConfigurationIsVisible = 0;
			defaultConfigurationName = Release;
		};
		8E7C02011D6F077E00B25014 /* Build configuration list for PBXNativeTarget "jsPatch" */ = {
			isa = XCConfigurationList;
			buildConfigurations = (
				8E7C02021D6F077E00B25014 /* Debug */,
				8E7C02031D6F077E00B25014 /* Release */,
			);
			defaultConfigurationIsVisible = 0;
			defaultConfigurationName = Release;
		};
		8E7C02041D6F077E00B25014 /* Build configuration list for PBXNativeTarget "jsPatchTests" */ = {
			isa = XCConfigurationList;
			buildConfigurations = (
				8E7C02051D6F077E00B25014 /* Debug */,
				8E7C02061D6F077E00B25014 /* Release */,
			);
			defaultConfigurationIsVisible = 0;
			defaultConfigurationName = Release;
		};
		8E7C02071D6F077E00B25014 /* Build configuration list for PBXNativeTarget "jsPatchUITests" */ = {
			isa = XCConfigurationList;
			buildConfigurations = (
				8E7C02081D6F077E00B25014 /* Debug */,
				8E7C02091D6F077E00B25014 /* Release */,
			);
			defaultConfigurationIsVisible = 0;
			defaultConfigurationName = Release;
		};
/* End XCConfigurationList section */
	};
	rootObject = 8E7C01CC1D6F077E00B25014 /* Project object */;
}
